// !$*UTF8*$!
{
	archiveVersion = 1;
	classes = {
	};
	objectVersion = 50;
	objects = {

/* Begin PBXBuildFile section */
		891845F724E8D829001B3E21 /* AppDelegate.swift in Sources */ = {isa = PBXBuildFile; fileRef = 891845F624E8D829001B3E21 /* AppDelegate.swift */; };
		891845F924E8D829001B3E21 /* SceneDelegate.swift in Sources */ = {isa = PBXBuildFile; fileRef = 891845F824E8D829001B3E21 /* SceneDelegate.swift */; };
		891845FB24E8D829001B3E21 /* MainVC.swift in Sources */ = {isa = PBXBuildFile; fileRef = 891845FA24E8D829001B3E21 /* MainVC.swift */; };
		891845FE24E8D829001B3E21 /* Main.storyboard in Resources */ = {isa = PBXBuildFile; fileRef = 891845FC24E8D829001B3E21 /* Main.storyboard */; };
		8918460024E8D82A001B3E21 /* Assets.xcassets in Resources */ = {isa = PBXBuildFile; fileRef = 891845FF24E8D82A001B3E21 /* Assets.xcassets */; };
		8918460324E8D82A001B3E21 /* LaunchScreen.storyboard in Resources */ = {isa = PBXBuildFile; fileRef = 8918460124E8D82A001B3E21 /* LaunchScreen.storyboard */; };
		8918460E24EA42FA001B3E21 /* AppleProduct.swift in Sources */ = {isa = PBXBuildFile; fileRef = 8918460D24EA42FA001B3E21 /* AppleProduct.swift */; };
		8918461024EA4BE2001B3E21 /* CustomPrettyView.swift in Sources */ = {isa = PBXBuildFile; fileRef = 8918460F24EA4BE2001B3E21 /* CustomPrettyView.swift */; };
		89F1404F24EB928F00878B58 /* SamsungProduct.swift in Sources */ = {isa = PBXBuildFile; fileRef = 89F1404E24EB928F00878B58 /* SamsungProduct.swift */; };
		89F1405124ECCFAC00878B58 /* CustomPrettyLabel.swift in Sources */ = {isa = PBXBuildFile; fileRef = 89F1405024ECCFAC00878B58 /* CustomPrettyLabel.swift */; };
/* End PBXBuildFile section */

/* Begin PBXFileReference section */
		891845F324E8D829001B3E21 /* mvc-ifyme-cpn.app */ = {isa = PBXFileReference; explicitFileType = wrapper.application; includeInIndex = 0; path = "mvc-ifyme-cpn.app"; sourceTree = BUILT_PRODUCTS_DIR; };
		891845F624E8D829001B3E21 /* AppDelegate.swift */ = {isa = PBXFileReference; lastKnownFileType = sourcecode.swift; path = AppDelegate.swift; sourceTree = "<group>"; };
		891845F824E8D829001B3E21 /* SceneDelegate.swift */ = {isa = PBXFileReference; lastKnownFileType = sourcecode.swift; path = SceneDelegate.swift; sourceTree = "<group>"; };
		891845FA24E8D829001B3E21 /* MainVC.swift */ = {isa = PBXFileReference; lastKnownFileType = sourcecode.swift; path = MainVC.swift; sourceTree = "<group>"; };
		891845FD24E8D829001B3E21 /* Base */ = {isa = PBXFileReference; lastKnownFileType = file.storyboard; name = Base; path = Base.lproj/Main.storyboard; sourceTree = "<group>"; };
		891845FF24E8D82A001B3E21 /* Assets.xcassets */ = {isa = PBXFileReference; lastKnownFileType = folder.assetcatalog; path = Assets.xcassets; sourceTree = "<group>"; };
		8918460224E8D82A001B3E21 /* Base */ = {isa = PBXFileReference; lastKnownFileType = file.storyboard; name = Base; path = Base.lproj/LaunchScreen.storyboard; sourceTree = "<group>"; };
		8918460424E8D82A001B3E21 /* Info.plist */ = {isa = PBXFileReference; lastKnownFileType = text.plist.xml; path = Info.plist; sourceTree = "<group>"; };
		8918460D24EA42FA001B3E21 /* AppleProduct.swift */ = {isa = PBXFileReference; lastKnownFileType = sourcecode.swift; path = AppleProduct.swift; sourceTree = "<group>"; };
		8918460F24EA4BE2001B3E21 /* CustomPrettyView.swift */ = {isa = PBXFileReference; lastKnownFileType = sourcecode.swift; path = CustomPrettyView.swift; sourceTree = "<group>"; };
		89F1404E24EB928F00878B58 /* SamsungProduct.swift */ = {isa = PBXFileReference; lastKnownFileType = sourcecode.swift; path = SamsungProduct.swift; sourceTree = "<group>"; };
		89F1405024ECCFAC00878B58 /* CustomPrettyLabel.swift */ = {isa = PBXFileReference; lastKnownFileType = sourcecode.swift; path = CustomPrettyLabel.swift; sourceTree = "<group>"; };
/* End PBXFileReference section */

/* Begin PBXFrameworksBuildPhase section */
		891845F024E8D829001B3E21 /* Frameworks */ = {
			isa = PBXFrameworksBuildPhase;
			buildActionMask = 2147483647;
			files = (
			);
			runOnlyForDeploymentPostprocessing = 0;
		};
/* End PBXFrameworksBuildPhase section */

/* Begin PBXGroup section */
		891845EA24E8D829001B3E21 = {
			isa = PBXGroup;
			children = (
				891845F524E8D829001B3E21 /* mvc-ifyme-cpn */,
				891845F424E8D829001B3E21 /* Products */,
			);
			sourceTree = "<group>";
		};
		891845F424E8D829001B3E21 /* Products */ = {
			isa = PBXGroup;
			children = (
				891845F324E8D829001B3E21 /* mvc-ifyme-cpn.app */,
			);
			name = Products;
			sourceTree = "<group>";
		};
		891845F524E8D829001B3E21 /* mvc-ifyme-cpn */ = {
			isa = PBXGroup;
			children = (
				8918460C24E8DD74001B3E21 /* model */,
				8918460B24E8DD6E001B3E21 /* view */,
				8918460A24E8DD61001B3E21 /* controller */,
				891845F624E8D829001B3E21 /* AppDelegate.swift */,
				891845F824E8D829001B3E21 /* SceneDelegate.swift */,
				891845FC24E8D829001B3E21 /* Main.storyboard */,
				891845FF24E8D82A001B3E21 /* Assets.xcassets */,
				8918460124E8D82A001B3E21 /* LaunchScreen.storyboard */,
				8918460424E8D82A001B3E21 /* Info.plist */,
			);
			path = "mvc-ifyme-cpn";
			sourceTree = "<group>";
		};
		8918460A24E8DD61001B3E21 /* controller */ = {
			isa = PBXGroup;
			children = (
				891845FA24E8D829001B3E21 /* MainVC.swift */,
			);
			path = controller;
			sourceTree = "<group>";
		};
		8918460B24E8DD6E001B3E21 /* view */ = {
			isa = PBXGroup;
			children = (
				8918460F24EA4BE2001B3E21 /* CustomPrettyView.swift */,
				89F1405024ECCFAC00878B58 /* CustomPrettyLabel.swift */,
			);
			path = view;
			sourceTree = "<group>";
		};
		8918460C24E8DD74001B3E21 /* model */ = {
			isa = PBXGroup;
			children = (
				8918460D24EA42FA001B3E21 /* AppleProduct.swift */,
				89F1404E24EB928F00878B58 /* SamsungProduct.swift */,
			);
			path = model;
			sourceTree = "<group>";
		};
/* End PBXGroup section */

/* Begin PBXNativeTarget section */
		891845F224E8D829001B3E21 /* mvc-ifyme-cpn */ = {
			isa = PBXNativeTarget;
			buildConfigurationList = 8918460724E8D82A001B3E21 /* Build configuration list for PBXNativeTarget "mvc-ifyme-cpn" */;
			buildPhases = (
				891845EF24E8D829001B3E21 /* Sources */,
				891845F024E8D829001B3E21 /* Frameworks */,
				891845F124E8D829001B3E21 /* Resources */,
			);
			buildRules = (
			);
			dependencies = (
			);
			name = "mvc-ifyme-cpn";
			productName = "mvc-ifyme-cpn";
			productReference = 891845F324E8D829001B3E21 /* mvc-ifyme-cpn.app */;
			productType = "com.apple.product-type.application";
		};
/* End PBXNativeTarget section */

/* Begin PBXProject section */
		891845EB24E8D829001B3E21 /* Project object */ = {
			isa = PBXProject;
			attributes = {
				LastSwiftUpdateCheck = 1160;
				LastUpgradeCheck = 1160;
				ORGANIZATIONNAME = "Christian Torrico";
				TargetAttributes = {
					891845F224E8D829001B3E21 = {
						CreatedOnToolsVersion = 11.6;
					};
				};
			};
			buildConfigurationList = 891845EE24E8D829001B3E21 /* Build configuration list for PBXProject "mvc-ifyme-cpn" */;
			compatibilityVersion = "Xcode 9.3";
			developmentRegion = en;
			hasScannedForEncodings = 0;
			knownRegions = (
				en,
				Base,
			);
			mainGroup = 891845EA24E8D829001B3E21;
			productRefGroup = 891845F424E8D829001B3E21 /* Products */;
			projectDirPath = "";
			projectRoot = "";
			targets = (
				891845F224E8D829001B3E21 /* mvc-ifyme-cpn */,
			);
		};
/* End PBXProject section */

/* Begin PBXResourcesBuildPhase section */
		891845F124E8D829001B3E21 /* Resources */ = {
			isa = PBXResourcesBuildPhase;
			buildActionMask = 2147483647;
			files = (
				8918460324E8D82A001B3E21 /* LaunchScreen.storyboard in Resources */,
				8918460024E8D82A001B3E21 /* Assets.xcassets in Resources */,
				891845FE24E8D829001B3E21 /* Main.storyboard in Resources */,
			);
			runOnlyForDeploymentPostprocessing = 0;
		};
/* End PBXResourcesBuildPhase section */

/* Begin PBXSourcesBuildPhase section */
		891845EF24E8D829001B3E21 /* Sources */ = {
			isa = PBXSourcesBuildPhase;
			buildActionMask = 2147483647;
			files = (
				8918460E24EA42FA001B3E21 /* AppleProduct.swift in Sources */,
				891845FB24E8D829001B3E21 /* MainVC.swift in Sources */,
				89F1405124ECCFAC00878B58 /* CustomPrettyLabel.swift in Sources */,
				8918461024EA4BE2001B3E21 /* CustomPrettyView.swift in Sources */,
				891845F724E8D829001B3E21 /* AppDelegate.swift in Sources */,
				89F1404F24EB928F00878B58 /* SamsungProduct.swift in Sources */,
				891845F924E8D829001B3E21 /* SceneDelegate.swift in Sources */,
			);
			runOnlyForDeploymentPostprocessing = 0;
		};
/* End PBXSourcesBuildPhase section */

/* Begin PBXVariantGroup section */
		891845FC24E8D829001B3E21 /* Main.storyboard */ = {
			isa = PBXVariantGroup;
			children = (
				891845FD24E8D829001B3E21 /* Base */,
			);
			name = Main.storyboard;
			sourceTree = "<group>";
		};
		8918460124E8D82A001B3E21 /* LaunchScreen.storyboard */ = {
			isa = PBXVariantGroup;
			children = (
				8918460224E8D82A001B3E21 /* Base */,
			);
			name = LaunchScreen.storyboard;
			sourceTree = "<group>";
		};
/* End PBXVariantGroup section */

/* Begin XCBuildConfiguration section */
		8918460524E8D82A001B3E21 /* Debug */ = {
			isa = XCBuildConfiguration;
			buildSettings = {
				ALWAYS_SEARCH_USER_PATHS = NO;
				CLANG_ANALYZER_NONNULL = YES;
				CLANG_ANALYZER_NUMBER_OBJECT_CONVERSION = YES_AGGRESSIVE;
				CLANG_CXX_LANGUAGE_STANDARD = "gnu++14";
				CLANG_CXX_LIBRARY = "libc++";
				CLANG_ENABLE_MODULES = YES;
				CLANG_ENABLE_OBJC_ARC = YES;
				CLANG_ENABLE_OBJC_WEAK = YES;
				CLANG_WARN_BLOCK_CAPTURE_AUTORELEASING = YES;
				CLANG_WARN_BOOL_CONVERSION = YES;
				CLANG_WARN_COMMA = YES;
				CLANG_WARN_CONSTANT_CONVERSION = YES;
				CLANG_WARN_DEPRECATED_OBJC_IMPLEMENTATIONS = YES;
				CLANG_WARN_DIRECT_OBJC_ISA_USAGE = YES_ERROR;
				CLANG_WARN_DOCUMENTATION_COMMENTS = YES;
				CLANG_WARN_EMPTY_BODY = YES;
				CLANG_WARN_ENUM_CONVERSION = YES;
				CLANG_WARN_INFINITE_RECURSION = YES;
				CLANG_WARN_INT_CONVERSION = YES;
				CLANG_WARN_NON_LITERAL_NULL_CONVERSION = YES;
				CLANG_WARN_OBJC_IMPLICIT_RETAIN_SELF = YES;
				CLANG_WARN_OBJC_LITERAL_CONVERSION = YES;
				CLANG_WARN_OBJC_ROOT_CLASS = YES_ERROR;
				CLANG_WARN_RANGE_LOOP_ANALYSIS = YES;
				CLANG_WARN_STRICT_PROTOTYPES = YES;
				CLANG_WARN_SUSPICIOUS_MOVE = YES;
				CLANG_WARN_UNGUARDED_AVAILABILITY = YES_AGGRESSIVE;
				CLANG_WARN_UNREACHABLE_CODE = YES;
				CLANG_WARN__DUPLICATE_METHOD_MATCH = YES;
				COPY_PHASE_STRIP = NO;
				DEBUG_INFORMATION_FORMAT = dwarf;
				ENABLE_STRICT_OBJC_MSGSEND = YES;
				ENABLE_TESTABILITY = YES;
				GCC_C_LANGUAGE_STANDARD = gnu11;
				GCC_DYNAMIC_NO_PIC = NO;
				GCC_NO_COMMON_BLOCKS = YES;
				GCC_OPTIMIZATION_LEVEL = 0;
				GCC_PREPROCESSOR_DEFINITIONS = (
					"DEBUG=1",
					"$(inherited)",
				);
				GCC_WARN_64_TO_32_BIT_CONVERSION = YES;
				GCC_WARN_ABOUT_RETURN_TYPE = YES_ERROR;
				GCC_WARN_UNDECLARED_SELECTOR = YES;
				GCC_WARN_UNINITIALIZED_AUTOS = YES_AGGRESSIVE;
				GCC_WARN_UNUSED_FUNCTION = YES;
				GCC_WARN_UNUSED_VARIABLE = YES;
				IPHONEOS_DEPLOYMENT_TARGET = 13.6;
				MTL_ENABLE_DEBUG_INFO = INCLUDE_SOURCE;
				MTL_FAST_MATH = YES;
				ONLY_ACTIVE_ARCH = YES;
				SDKROOT = iphoneos;
				SWIFT_ACTIVE_COMPILATION_CONDITIONS = DEBUG;
				SWIFT_OPTIMIZATION_LEVEL = "-Onone";
			};
			name = Debug;
		};
		8918460624E8D82A001B3E21 /* Release */ = {
			isa = XCBuildConfiguration;
			buildSettings = {
				ALWAYS_SEARCH_USER_PATHS = NO;
				CLANG_ANALYZER_NONNULL = YES;
				CLANG_ANALYZER_NUMBER_OBJECT_CONVERSION = YES_AGGRESSIVE;
				CLANG_CXX_LANGUAGE_STANDARD = "gnu++14";
				CLANG_CXX_LIBRARY = "libc++";
				CLANG_ENABLE_MODULES = YES;
				CLANG_ENABLE_OBJC_ARC = YES;
				CLANG_ENABLE_OBJC_WEAK = YES;
				CLANG_WARN_BLOCK_CAPTURE_AUTORELEASING = YES;
				CLANG_WARN_BOOL_CONVERSION = YES;
				CLANG_WARN_COMMA = YES;
				CLANG_WARN_CONSTANT_CONVERSION = YES;
				CLANG_WARN_DEPRECATED_OBJC_IMPLEMENTATIONS = YES;
				CLANG_WARN_DIRECT_OBJC_ISA_USAGE = YES_ERROR;
				CLANG_WARN_DOCUMENTATION_COMMENTS = YES;
				CLANG_WARN_EMPTY_BODY = YES;
				CLANG_WARN_ENUM_CONVERSION = YES;
				CLANG_WARN_INFINITE_RECURSION = YES;
				CLANG_WARN_INT_CONVERSION = YES;
				CLANG_WARN_NON_LITERAL_NULL_CONVERSION = YES;
				CLANG_WARN_OBJC_IMPLICIT_RETAIN_SELF = YES;
				CLANG_WARN_OBJC_LITERAL_CONVERSION = YES;
				CLANG_WARN_OBJC_ROOT_CLASS = YES_ERROR;
				CLANG_WARN_RANGE_LOOP_ANALYSIS = YES;
				CLANG_WARN_STRICT_PROTOTYPES = YES;
				CLANG_WARN_SUSPICIOUS_MOVE = YES;
				CLANG_WARN_UNGUARDED_AVAILABILITY = YES_AGGRESSIVE;
				CLANG_WARN_UNREACHABLE_CODE = YES;
				CLANG_WARN__DUPLICATE_METHOD_MATCH = YES;
				COPY_PHASE_STRIP = NO;
				DEBUG_INFORMATION_FORMAT = "dwarf-with-dsym";
				ENABLE_NS_ASSERTIONS = NO;
				ENABLE_STRICT_OBJC_MSGSEND = YES;
				GCC_C_LANGUAGE_STANDARD = gnu11;
				GCC_NO_COMMON_BLOCKS = YES;
				GCC_WARN_64_TO_32_BIT_CONVERSION = YES;
				GCC_WARN_ABOUT_RETURN_TYPE = YES_ERROR;
				GCC_WARN_UNDECLARED_SELECTOR = YES;
				GCC_WARN_UNINITIALIZED_AUTOS = YES_AGGRESSIVE;
				GCC_WARN_UNUSED_FUNCTION = YES;
				GCC_WARN_UNUSED_VARIABLE = YES;
				IPHONEOS_DEPLOYMENT_TARGET = 13.6;
				MTL_ENABLE_DEBUG_INFO = NO;
				MTL_FAST_MATH = YES;
				SDKROOT = iphoneos;
				SWIFT_COMPILATION_MODE = wholemodule;
				SWIFT_OPTIMIZATION_LEVEL = "-O";
				VALIDATE_PRODUCT = YES;
			};
			name = Release;
		};
		8918460824E8D82A001B3E21 /* Debug */ = {
			isa = XCBuildConfiguration;
			buildSettings = {
				ASSETCATALOG_COMPILER_APPICON_NAME = AppIcon;
				CODE_SIGN_STYLE = Automatic;
				DEVELOPMENT_TEAM = 67SPS779EF;
				INFOPLIST_FILE = "mvc-ifyme-cpn/Info.plist";
				LD_RUNPATH_SEARCH_PATHS = (
					"$(inherited)",
					"@executable_path/Frameworks",
				);
				PRODUCT_BUNDLE_IDENTIFIER = "CT.mvc-ifyme-cpn";
				PRODUCT_NAME = "$(TARGET_NAME)";
				SWIFT_VERSION = 5.0;
				TARGETED_DEVICE_FAMILY = "1,2";
			};
			name = Debug;
		};
		8918460924E8D82A001B3E21 /* Release */ = {
			isa = XCBuildConfiguration;
			buildSettings = {
				ASSETCATALOG_COMPILER_APPICON_NAME = AppIcon;
				CODE_SIGN_STYLE = Automatic;
				DEVELOPMENT_TEAM = 67SPS779EF;
				INFOPLIST_FILE = "mvc-ifyme-cpn/Info.plist";
				LD_RUNPATH_SEARCH_PATHS = (
					"$(inherited)",
					"@executable_path/Frameworks",
				);
				PRODUCT_BUNDLE_IDENTIFIER = "CT.mvc-ifyme-cpn";
				PRODUCT_NAME = "$(TARGET_NAME)";
				SWIFT_VERSION = 5.0;
				TARGETED_DEVICE_FAMILY = "1,2";
			};
			name = Release;
		};
/* End XCBuildConfiguration section */

/* Begin XCConfigurationList section */
		891845EE24E8D829001B3E21 /* Build configuration list for PBXProject "mvc-ifyme-cpn" */ = {
			isa = XCConfigurationList;
			buildConfigurations = (
				8918460524E8D82A001B3E21 /* Debug */,
				8918460624E8D82A001B3E21 /* Release */,
			);
			defaultConfigurationIsVisible = 0;
			defaultConfigurationName = Release;
		};
		8918460724E8D82A001B3E21 /* Build configuration list for PBXNativeTarget "mvc-ifyme-cpn" */ = {
			isa = XCConfigurationList;
			buildConfigurations = (
				8918460824E8D82A001B3E21 /* Debug */,
				8918460924E8D82A001B3E21 /* Release */,
			);
			defaultConfigurationIsVisible = 0;
			defaultConfigurationName = Release;
		};
/* End XCConfigurationList section */
	};
	rootObject = 891845EB24E8D829001B3E21 /* Project object */;
}
