// !$*UTF8*$!
{
	archiveVersion = 1;
	classes = {
	};
	objectVersion = 51;
	objects = {

/* Begin PBXBuildFile section */
		892707D0251978F400C64397 /* ChatVC.swift in Sources */ = {isa = PBXBuildFile; fileRef = 892707CF251978F400C64397 /* ChatVC.swift */; };
		892707D42519791100C64397 /* ChannelVC.swift in Sources */ = {isa = PBXBuildFile; fileRef = 892707D32519791100C64397 /* ChannelVC.swift */; };
		892707D7251AEC0400C64397 /* GradientView.swift in Sources */ = {isa = PBXBuildFile; fileRef = 892707D6251AEC0400C64397 /* GradientView.swift */; };
		892707DB251DAEAA00C64397 /* Constants.swift in Sources */ = {isa = PBXBuildFile; fileRef = 892707DA251DAEAA00C64397 /* Constants.swift */; };
		89314EB8252AB5C800335195 /* AuthService.swift in Sources */ = {isa = PBXBuildFile; fileRef = 89314EB7252AB5C800335195 /* AuthService.swift */; };
		89314EBB253967A600335195 /* RoundedButton.swift in Sources */ = {isa = PBXBuildFile; fileRef = 89314EBA253967A600335195 /* RoundedButton.swift */; };
		8958CD7125047DEC00BCE2F7 /* AppDelegate.swift in Sources */ = {isa = PBXBuildFile; fileRef = 8958CD7025047DEC00BCE2F7 /* AppDelegate.swift */; };
		8958CD7325047DEC00BCE2F7 /* SceneDelegate.swift in Sources */ = {isa = PBXBuildFile; fileRef = 8958CD7225047DEC00BCE2F7 /* SceneDelegate.swift */; };
		8958CD7525047DEC00BCE2F7 /* ViewController.swift in Sources */ = {isa = PBXBuildFile; fileRef = 8958CD7425047DEC00BCE2F7 /* ViewController.swift */; };
		8958CD7825047DEC00BCE2F7 /* Main.storyboard in Resources */ = {isa = PBXBuildFile; fileRef = 8958CD7625047DEC00BCE2F7 /* Main.storyboard */; };
		8958CD7A25047DED00BCE2F7 /* Assets.xcassets in Resources */ = {isa = PBXBuildFile; fileRef = 8958CD7925047DED00BCE2F7 /* Assets.xcassets */; };
		8958CD7D25047DED00BCE2F7 /* LaunchScreen.storyboard in Resources */ = {isa = PBXBuildFile; fileRef = 8958CD7B25047DED00BCE2F7 /* LaunchScreen.storyboard */; };
		89C744B1251FE9150029CDE9 /* LoginVC.swift in Sources */ = {isa = PBXBuildFile; fileRef = 89C744B0251FE9150029CDE9 /* LoginVC.swift */; };
		89C744B425200B7F0029CDE9 /* CreateAccountVC.swift in Sources */ = {isa = PBXBuildFile; fileRef = 89C744B325200B7F0029CDE9 /* CreateAccountVC.swift */; };
		D4DA2B96261EE212D5E78F8C /* Pods_Smack.framework in Frameworks */ = {isa = PBXBuildFile; fileRef = 7EAE6B98E7AAF7A40085ED4C /* Pods_Smack.framework */; };
/* End PBXBuildFile section */

/* Begin PBXFileReference section */
		7A8987E8C402131D1A8F729F /* Pods-Smack.debug.xcconfig */ = {isa = PBXFileReference; includeInIndex = 1; lastKnownFileType = text.xcconfig; name = "Pods-Smack.debug.xcconfig"; path = "Target Support Files/Pods-Smack/Pods-Smack.debug.xcconfig"; sourceTree = "<group>"; };
		7EAE6B98E7AAF7A40085ED4C /* Pods_Smack.framework */ = {isa = PBXFileReference; explicitFileType = wrapper.framework; includeInIndex = 0; path = Pods_Smack.framework; sourceTree = BUILT_PRODUCTS_DIR; };
		892707CF251978F400C64397 /* ChatVC.swift */ = {isa = PBXFileReference; lastKnownFileType = sourcecode.swift; path = ChatVC.swift; sourceTree = "<group>"; };
		892707D32519791100C64397 /* ChannelVC.swift */ = {isa = PBXFileReference; lastKnownFileType = sourcecode.swift; path = ChannelVC.swift; sourceTree = "<group>"; };
		892707D6251AEC0400C64397 /* GradientView.swift */ = {isa = PBXFileReference; lastKnownFileType = sourcecode.swift; path = GradientView.swift; sourceTree = "<group>"; };
		892707DA251DAEAA00C64397 /* Constants.swift */ = {isa = PBXFileReference; lastKnownFileType = sourcecode.swift; path = Constants.swift; sourceTree = "<group>"; };
		89314EB7252AB5C800335195 /* AuthService.swift */ = {isa = PBXFileReference; lastKnownFileType = sourcecode.swift; path = AuthService.swift; sourceTree = "<group>"; };
		89314EBA253967A600335195 /* RoundedButton.swift */ = {isa = PBXFileReference; lastKnownFileType = sourcecode.swift; path = RoundedButton.swift; sourceTree = "<group>"; };
		8958CD6D25047DEC00BCE2F7 /* Smack.app */ = {isa = PBXFileReference; explicitFileType = wrapper.application; includeInIndex = 0; path = Smack.app; sourceTree = BUILT_PRODUCTS_DIR; };
		8958CD7025047DEC00BCE2F7 /* AppDelegate.swift */ = {isa = PBXFileReference; lastKnownFileType = sourcecode.swift; path = AppDelegate.swift; sourceTree = "<group>"; };
		8958CD7225047DEC00BCE2F7 /* SceneDelegate.swift */ = {isa = PBXFileReference; lastKnownFileType = sourcecode.swift; path = SceneDelegate.swift; sourceTree = "<group>"; };
		8958CD7425047DEC00BCE2F7 /* ViewController.swift */ = {isa = PBXFileReference; lastKnownFileType = sourcecode.swift; path = ViewController.swift; sourceTree = "<group>"; };
		8958CD7725047DEC00BCE2F7 /* Base */ = {isa = PBXFileReference; lastKnownFileType = file.storyboard; name = Base; path = Base.lproj/Main.storyboard; sourceTree = "<group>"; };
		8958CD7925047DED00BCE2F7 /* Assets.xcassets */ = {isa = PBXFileReference; lastKnownFileType = folder.assetcatalog; path = Assets.xcassets; sourceTree = "<group>"; };
		8958CD7C25047DED00BCE2F7 /* Base */ = {isa = PBXFileReference; lastKnownFileType = file.storyboard; name = Base; path = Base.lproj/LaunchScreen.storyboard; sourceTree = "<group>"; };
		8958CD7E25047DED00BCE2F7 /* Info.plist */ = {isa = PBXFileReference; lastKnownFileType = text.plist.xml; path = Info.plist; sourceTree = "<group>"; };
		89C744B0251FE9150029CDE9 /* LoginVC.swift */ = {isa = PBXFileReference; lastKnownFileType = sourcecode.swift; path = LoginVC.swift; sourceTree = "<group>"; };
		89C744B325200B7F0029CDE9 /* CreateAccountVC.swift */ = {isa = PBXFileReference; lastKnownFileType = sourcecode.swift; path = CreateAccountVC.swift; sourceTree = "<group>"; };
		DDD09E88665E45257D0883B4 /* Pods-Smack.release.xcconfig */ = {isa = PBXFileReference; includeInIndex = 1; lastKnownFileType = text.xcconfig; name = "Pods-Smack.release.xcconfig"; path = "Target Support Files/Pods-Smack/Pods-Smack.release.xcconfig"; sourceTree = "<group>"; };
/* End PBXFileReference section */

/* Begin PBXFrameworksBuildPhase section */
		8958CD6A25047DEC00BCE2F7 /* Frameworks */ = {
			isa = PBXFrameworksBuildPhase;
			buildActionMask = 2147483647;
			files = (
				D4DA2B96261EE212D5E78F8C /* Pods_Smack.framework in Frameworks */,
			);
			runOnlyForDeploymentPostprocessing = 0;
		};
/* End PBXFrameworksBuildPhase section */

/* Begin PBXGroup section */
		18293B6DB507855102BC99BE /* Frameworks */ = {
			isa = PBXGroup;
			children = (
				7EAE6B98E7AAF7A40085ED4C /* Pods_Smack.framework */,
			);
			name = Frameworks;
			sourceTree = "<group>";
		};
		3112D151A80A0BA62ED67185 /* Pods */ = {
			isa = PBXGroup;
			children = (
				7A8987E8C402131D1A8F729F /* Pods-Smack.debug.xcconfig */,
				DDD09E88665E45257D0883B4 /* Pods-Smack.release.xcconfig */,
			);
			path = Pods;
			sourceTree = "<group>";
		};
		892707CC251978A700C64397 /* model */ = {
			isa = PBXGroup;
			children = (
			);
			path = model;
			sourceTree = "<group>";
		};
		892707CD251978AE00C64397 /* view */ = {
			isa = PBXGroup;
			children = (
				892707D6251AEC0400C64397 /* GradientView.swift */,
				89314EBA253967A600335195 /* RoundedButton.swift */,
			);
			path = view;
			sourceTree = "<group>";
		};
		892707CE251978B600C64397 /* controller */ = {
			isa = PBXGroup;
			children = (
				892707CF251978F400C64397 /* ChatVC.swift */,
				892707D32519791100C64397 /* ChannelVC.swift */,
				89C744B0251FE9150029CDE9 /* LoginVC.swift */,
				89C744B325200B7F0029CDE9 /* CreateAccountVC.swift */,
			);
			path = controller;
			sourceTree = "<group>";
		};
		892707D9251DAE8800C64397 /* utilities */ = {
			isa = PBXGroup;
			children = (
				892707DA251DAEAA00C64397 /* Constants.swift */,
			);
			path = utilities;
			sourceTree = "<group>";
		};
		89314EB6252AB41600335195 /* services */ = {
			isa = PBXGroup;
			children = (
				89314EB7252AB5C800335195 /* AuthService.swift */,
			);
			path = services;
			sourceTree = "<group>";
		};
		8958CD6425047DEC00BCE2F7 = {
			isa = PBXGroup;
			children = (
				8958CD6F25047DEC00BCE2F7 /* Smack */,
				8958CD6E25047DEC00BCE2F7 /* Products */,
				3112D151A80A0BA62ED67185 /* Pods */,
				18293B6DB507855102BC99BE /* Frameworks */,
			);
			sourceTree = "<group>";
		};
		8958CD6E25047DEC00BCE2F7 /* Products */ = {
			isa = PBXGroup;
			children = (
				8958CD6D25047DEC00BCE2F7 /* Smack.app */,
			);
			name = Products;
			sourceTree = "<group>";
		};
		8958CD6F25047DEC00BCE2F7 /* Smack */ = {
			isa = PBXGroup;
			children = (
				89314EB6252AB41600335195 /* services */,
				892707D9251DAE8800C64397 /* utilities */,
				892707CE251978B600C64397 /* controller */,
				892707CD251978AE00C64397 /* view */,
				892707CC251978A700C64397 /* model */,
				8958CD7025047DEC00BCE2F7 /* AppDelegate.swift */,
				8958CD7225047DEC00BCE2F7 /* SceneDelegate.swift */,
				8958CD7425047DEC00BCE2F7 /* ViewController.swift */,
				8958CD7625047DEC00BCE2F7 /* Main.storyboard */,
				8958CD7925047DED00BCE2F7 /* Assets.xcassets */,
				8958CD7B25047DED00BCE2F7 /* LaunchScreen.storyboard */,
				8958CD7E25047DED00BCE2F7 /* Info.plist */,
			);
			path = Smack;
			sourceTree = "<group>";
		};
/* End PBXGroup section */

/* Begin PBXNativeTarget section */
		8958CD6C25047DEC00BCE2F7 /* Smack */ = {
			isa = PBXNativeTarget;
			buildConfigurationList = 8958CD8125047DED00BCE2F7 /* Build configuration list for PBXNativeTarget "Smack" */;
			buildPhases = (
				BCEF131984FD32778E0B7DC5 /* [CP] Check Pods Manifest.lock */,
				8958CD6925047DEC00BCE2F7 /* Sources */,
				8958CD6A25047DEC00BCE2F7 /* Frameworks */,
				8958CD6B25047DEC00BCE2F7 /* Resources */,
				7AADFDFFF0167FF3CA9F71A2 /* [CP] Embed Pods Frameworks */,
			);
			buildRules = (
			);
			dependencies = (
			);
			name = Smack;
			productName = Smack;
			productReference = 8958CD6D25047DEC00BCE2F7 /* Smack.app */;
			productType = "com.apple.product-type.application";
		};
/* End PBXNativeTarget section */

/* Begin PBXProject section */
		8958CD6525047DEC00BCE2F7 /* Project object */ = {
			isa = PBXProject;
			attributes = {
				LastSwiftUpdateCheck = 1170;
				LastUpgradeCheck = 1170;
				ORGANIZATIONNAME = "Christian Torrico";
				TargetAttributes = {
					8958CD6C25047DEC00BCE2F7 = {
						CreatedOnToolsVersion = 11.7;
					};
				};
			};
			buildConfigurationList = 8958CD6825047DEC00BCE2F7 /* Build configuration list for PBXProject "Smack" */;
			compatibilityVersion = "Xcode 9.3";
			developmentRegion = en;
			hasScannedForEncodings = 0;
			knownRegions = (
				en,
				Base,
			);
			mainGroup = 8958CD6425047DEC00BCE2F7;
			productRefGroup = 8958CD6E25047DEC00BCE2F7 /* Products */;
			projectDirPath = "";
			projectRoot = "";
			targets = (
				8958CD6C25047DEC00BCE2F7 /* Smack */,
			);
		};
/* End PBXProject section */

/* Begin PBXResourcesBuildPhase section */
		8958CD6B25047DEC00BCE2F7 /* Resources */ = {
			isa = PBXResourcesBuildPhase;
			buildActionMask = 2147483647;
			files = (
				8958CD7D25047DED00BCE2F7 /* LaunchScreen.storyboard in Resources */,
				8958CD7A25047DED00BCE2F7 /* Assets.xcassets in Resources */,
				8958CD7825047DEC00BCE2F7 /* Main.storyboard in Resources */,
			);
			runOnlyForDeploymentPostprocessing = 0;
		};
/* End PBXResourcesBuildPhase section */

/* Begin PBXShellScriptBuildPhase section */
		7AADFDFFF0167FF3CA9F71A2 /* [CP] Embed Pods Frameworks */ = {
			isa = PBXShellScriptBuildPhase;
			buildActionMask = 2147483647;
			files = (
			);
			inputFileListPaths = (
				"${PODS_ROOT}/Target Support Files/Pods-Smack/Pods-Smack-frameworks-${CONFIGURATION}-input-files.xcfilelist",
			);
			name = "[CP] Embed Pods Frameworks";
			outputFileListPaths = (
				"${PODS_ROOT}/Target Support Files/Pods-Smack/Pods-Smack-frameworks-${CONFIGURATION}-output-files.xcfilelist",
			);
			runOnlyForDeploymentPostprocessing = 0;
			shellPath = /bin/sh;
			shellScript = "\"${PODS_ROOT}/Target Support Files/Pods-Smack/Pods-Smack-frameworks.sh\"\n";
			showEnvVarsInLog = 0;
		};
		BCEF131984FD32778E0B7DC5 /* [CP] Check Pods Manifest.lock */ = {
			isa = PBXShellScriptBuildPhase;
			buildActionMask = 2147483647;
			files = (
			);
			inputFileListPaths = (
			);
			inputPaths = (
				"${PODS_PODFILE_DIR_PATH}/Podfile.lock",
				"${PODS_ROOT}/Manifest.lock",
			);
			name = "[CP] Check Pods Manifest.lock";
			outputFileListPaths = (
			);
			outputPaths = (
				"$(DERIVED_FILE_DIR)/Pods-Smack-checkManifestLockResult.txt",
			);
			runOnlyForDeploymentPostprocessing = 0;
			shellPath = /bin/sh;
			shellScript = "diff \"${PODS_PODFILE_DIR_PATH}/Podfile.lock\" \"${PODS_ROOT}/Manifest.lock\" > /dev/null\nif [ $? != 0 ] ; then\n    # print error to STDERR\n    echo \"error: The sandbox is not in sync with the Podfile.lock. Run 'pod install' or update your CocoaPods installation.\" >&2\n    exit 1\nfi\n# This output is used by Xcode 'outputs' to avoid re-running this script phase.\necho \"SUCCESS\" > \"${SCRIPT_OUTPUT_FILE_0}\"\n";
			showEnvVarsInLog = 0;
		};
/* End PBXShellScriptBuildPhase section */

/* Begin PBXSourcesBuildPhase section */
		8958CD6925047DEC00BCE2F7 /* Sources */ = {
			isa = PBXSourcesBuildPhase;
			buildActionMask = 2147483647;
			files = (
				892707D0251978F400C64397 /* ChatVC.swift in Sources */,
				8958CD7525047DEC00BCE2F7 /* ViewController.swift in Sources */,
				89C744B1251FE9150029CDE9 /* LoginVC.swift in Sources */,
				892707D7251AEC0400C64397 /* GradientView.swift in Sources */,
				8958CD7125047DEC00BCE2F7 /* AppDelegate.swift in Sources */,
				89C744B425200B7F0029CDE9 /* CreateAccountVC.swift in Sources */,
				89314EBB253967A600335195 /* RoundedButton.swift in Sources */,
				892707DB251DAEAA00C64397 /* Constants.swift in Sources */,
				89314EB8252AB5C800335195 /* AuthService.swift in Sources */,
				8958CD7325047DEC00BCE2F7 /* SceneDelegate.swift in Sources */,
				892707D42519791100C64397 /* ChannelVC.swift in Sources */,
			);
			runOnlyForDeploymentPostprocessing = 0;
		};
/* End PBXSourcesBuildPhase section */

/* Begin PBXVariantGroup section */
		8958CD7625047DEC00BCE2F7 /* Main.storyboard */ = {
			isa = PBXVariantGroup;
			children = (
				8958CD7725047DEC00BCE2F7 /* Base */,
			);
			name = Main.storyboard;
			sourceTree = "<group>";
		};
		8958CD7B25047DED00BCE2F7 /* LaunchScreen.storyboard */ = {
			isa = PBXVariantGroup;
			children = (
				8958CD7C25047DED00BCE2F7 /* Base */,
			);
			name = LaunchScreen.storyboard;
			sourceTree = "<group>";
		};
/* End PBXVariantGroup section */

/* Begin XCBuildConfiguration section */
		8958CD7F25047DED00BCE2F7 /* Debug */ = {
			isa = XCBuildConfiguration;
			buildSettings = {
				ALWAYS_SEARCH_USER_PATHS = NO;
				CLANG_ANALYZER_NONNULL = YES;
				CLANG_ANALYZER_NUMBER_OBJECT_CONVERSION = YES_AGGRESSIVE;
				CLANG_CXX_LANGUAGE_STANDARD = "gnu++14";
				CLANG_CXX_LIBRARY = "libc++";
				CLANG_ENABLE_MODULES = YES;
				CLANG_ENABLE_OBJC_ARC = YES;
				CLANG_ENABLE_OBJC_WEAK = YES;
				CLANG_WARN_BLOCK_CAPTURE_AUTORELEASING = YES;
				CLANG_WARN_BOOL_CONVERSION = YES;
				CLANG_WARN_COMMA = YES;
				CLANG_WARN_CONSTANT_CONVERSION = YES;
				CLANG_WARN_DEPRECATED_OBJC_IMPLEMENTATIONS = YES;
				CLANG_WARN_DIRECT_OBJC_ISA_USAGE = YES_ERROR;
				CLANG_WARN_DOCUMENTATION_COMMENTS = YES;
				CLANG_WARN_EMPTY_BODY = YES;
				CLANG_WARN_ENUM_CONVERSION = YES;
				CLANG_WARN_INFINITE_RECURSION = YES;
				CLANG_WARN_INT_CONVERSION = YES;
				CLANG_WARN_NON_LITERAL_NULL_CONVERSION = YES;
				CLANG_WARN_OBJC_IMPLICIT_RETAIN_SELF = YES;
				CLANG_WARN_OBJC_LITERAL_CONVERSION = YES;
				CLANG_WARN_OBJC_ROOT_CLASS = YES_ERROR;
				CLANG_WARN_RANGE_LOOP_ANALYSIS = YES;
				CLANG_WARN_STRICT_PROTOTYPES = YES;
				CLANG_WARN_SUSPICIOUS_MOVE = YES;
				CLANG_WARN_UNGUARDED_AVAILABILITY = YES_AGGRESSIVE;
				CLANG_WARN_UNREACHABLE_CODE = YES;
				CLANG_WARN__DUPLICATE_METHOD_MATCH = YES;
				COPY_PHASE_STRIP = NO;
				DEBUG_INFORMATION_FORMAT = dwarf;
				ENABLE_STRICT_OBJC_MSGSEND = YES;
				ENABLE_TESTABILITY = YES;
				GCC_C_LANGUAGE_STANDARD = gnu11;
				GCC_DYNAMIC_NO_PIC = NO;
				GCC_NO_COMMON_BLOCKS = YES;
				GCC_OPTIMIZATION_LEVEL = 0;
				GCC_PREPROCESSOR_DEFINITIONS = (
					"DEBUG=1",
					"$(inherited)",
				);
				GCC_WARN_64_TO_32_BIT_CONVERSION = YES;
				GCC_WARN_ABOUT_RETURN_TYPE = YES_ERROR;
				GCC_WARN_UNDECLARED_SELECTOR = YES;
				GCC_WARN_UNINITIALIZED_AUTOS = YES_AGGRESSIVE;
				GCC_WARN_UNUSED_FUNCTION = YES;
				GCC_WARN_UNUSED_VARIABLE = YES;
				IPHONEOS_DEPLOYMENT_TARGET = 13.7;
				MTL_ENABLE_DEBUG_INFO = INCLUDE_SOURCE;
				MTL_FAST_MATH = YES;
				ONLY_ACTIVE_ARCH = YES;
				SDKROOT = iphoneos;
				SWIFT_ACTIVE_COMPILATION_CONDITIONS = DEBUG;
				SWIFT_OPTIMIZATION_LEVEL = "-Onone";
			};
			name = Debug;
		};
		8958CD8025047DED00BCE2F7 /* Release */ = {
			isa = XCBuildConfiguration;
			buildSettings = {
				ALWAYS_SEARCH_USER_PATHS = NO;
				CLANG_ANALYZER_NONNULL = YES;
				CLANG_ANALYZER_NUMBER_OBJECT_CONVERSION = YES_AGGRESSIVE;
				CLANG_CXX_LANGUAGE_STANDARD = "gnu++14";
				CLANG_CXX_LIBRARY = "libc++";
				CLANG_ENABLE_MODULES = YES;
				CLANG_ENABLE_OBJC_ARC = YES;
				CLANG_ENABLE_OBJC_WEAK = YES;
				CLANG_WARN_BLOCK_CAPTURE_AUTORELEASING = YES;
				CLANG_WARN_BOOL_CONVERSION = YES;
				CLANG_WARN_COMMA = YES;
				CLANG_WARN_CONSTANT_CONVERSION = YES;
				CLANG_WARN_DEPRECATED_OBJC_IMPLEMENTATIONS = YES;
				CLANG_WARN_DIRECT_OBJC_ISA_USAGE = YES_ERROR;
				CLANG_WARN_DOCUMENTATION_COMMENTS = YES;
				CLANG_WARN_EMPTY_BODY = YES;
				CLANG_WARN_ENUM_CONVERSION = YES;
				CLANG_WARN_INFINITE_RECURSION = YES;
				CLANG_WARN_INT_CONVERSION = YES;
				CLANG_WARN_NON_LITERAL_NULL_CONVERSION = YES;
				CLANG_WARN_OBJC_IMPLICIT_RETAIN_SELF = YES;
				CLANG_WARN_OBJC_LITERAL_CONVERSION = YES;
				CLANG_WARN_OBJC_ROOT_CLASS = YES_ERROR;
				CLANG_WARN_RANGE_LOOP_ANALYSIS = YES;
				CLANG_WARN_STRICT_PROTOTYPES = YES;
				CLANG_WARN_SUSPICIOUS_MOVE = YES;
				CLANG_WARN_UNGUARDED_AVAILABILITY = YES_AGGRESSIVE;
				CLANG_WARN_UNREACHABLE_CODE = YES;
				CLANG_WARN__DUPLICATE_METHOD_MATCH = YES;
				COPY_PHASE_STRIP = NO;
				DEBUG_INFORMATION_FORMAT = "dwarf-with-dsym";
				ENABLE_NS_ASSERTIONS = NO;
				ENABLE_STRICT_OBJC_MSGSEND = YES;
				GCC_C_LANGUAGE_STANDARD = gnu11;
				GCC_NO_COMMON_BLOCKS = YES;
				GCC_WARN_64_TO_32_BIT_CONVERSION = YES;
				GCC_WARN_ABOUT_RETURN_TYPE = YES_ERROR;
				GCC_WARN_UNDECLARED_SELECTOR = YES;
				GCC_WARN_UNINITIALIZED_AUTOS = YES_AGGRESSIVE;
				GCC_WARN_UNUSED_FUNCTION = YES;
				GCC_WARN_UNUSED_VARIABLE = YES;
				IPHONEOS_DEPLOYMENT_TARGET = 13.7;
				MTL_ENABLE_DEBUG_INFO = NO;
				MTL_FAST_MATH = YES;
				SDKROOT = iphoneos;
				SWIFT_COMPILATION_MODE = wholemodule;
				SWIFT_OPTIMIZATION_LEVEL = "-O";
				VALIDATE_PRODUCT = YES;
			};
			name = Release;
		};
		8958CD8225047DED00BCE2F7 /* Debug */ = {
			isa = XCBuildConfiguration;
			baseConfigurationReference = 7A8987E8C402131D1A8F729F /* Pods-Smack.debug.xcconfig */;
			buildSettings = {
				ASSETCATALOG_COMPILER_APPICON_NAME = AppIcon;
				CODE_SIGN_STYLE = Automatic;
				DEVELOPMENT_TEAM = 67SPS779EF;
				INFOPLIST_FILE = Smack/Info.plist;
				LD_RUNPATH_SEARCH_PATHS = (
					"$(inherited)",
					"@executable_path/Frameworks",
				);
				PRODUCT_BUNDLE_IDENTIFIER = CT.Smack;
				PRODUCT_NAME = "$(TARGET_NAME)";
				SWIFT_VERSION = 5.0;
				TARGETED_DEVICE_FAMILY = "1,2";
			};
			name = Debug;
		};
		8958CD8325047DED00BCE2F7 /* Release */ = {
			isa = XCBuildConfiguration;
			baseConfigurationReference = DDD09E88665E45257D0883B4 /* Pods-Smack.release.xcconfig */;
			buildSettings = {
				ASSETCATALOG_COMPILER_APPICON_NAME = AppIcon;
				CODE_SIGN_STYLE = Automatic;
				DEVELOPMENT_TEAM = 67SPS779EF;
				INFOPLIST_FILE = Smack/Info.plist;
				LD_RUNPATH_SEARCH_PATHS = (
					"$(inherited)",
					"@executable_path/Frameworks",
				);
				PRODUCT_BUNDLE_IDENTIFIER = CT.Smack;
				PRODUCT_NAME = "$(TARGET_NAME)";
				SWIFT_VERSION = 5.0;
				TARGETED_DEVICE_FAMILY = "1,2";
			};
			name = Release;
		};
/* End XCBuildConfiguration section */

/* Begin XCConfigurationList section */
		8958CD6825047DEC00BCE2F7 /* Build configuration list for PBXProject "Smack" */ = {
			isa = XCConfigurationList;
			buildConfigurations = (
				8958CD7F25047DED00BCE2F7 /* Debug */,
				8958CD8025047DED00BCE2F7 /* Release */,
			);
			defaultConfigurationIsVisible = 0;
			defaultConfigurationName = Release;
		};
		8958CD8125047DED00BCE2F7 /* Build configuration list for PBXNativeTarget "Smack" */ = {
			isa = XCConfigurationList;
			buildConfigurations = (
				8958CD8225047DED00BCE2F7 /* Debug */,
				8958CD8325047DED00BCE2F7 /* Release */,
			);
			defaultConfigurationIsVisible = 0;
			defaultConfigurationName = Release;
		};
/* End XCConfigurationList section */
	};
	rootObject = 8958CD6525047DEC00BCE2F7 /* Project object */;
}
