// !$*UTF8*$!
{
	archiveVersion = 1;
	classes = {
	};
	objectVersion = 50;
	objects = {

/* Begin PBXBuildFile section */
		8905FA4324EE3A660022008C /* AppDelegate.swift in Sources */ = {isa = PBXBuildFile; fileRef = 8905FA4224EE3A660022008C /* AppDelegate.swift */; };
		8905FA4524EE3A660022008C /* SceneDelegate.swift in Sources */ = {isa = PBXBuildFile; fileRef = 8905FA4424EE3A660022008C /* SceneDelegate.swift */; };
		8905FA4724EE3A660022008C /* ViewController.swift in Sources */ = {isa = PBXBuildFile; fileRef = 8905FA4624EE3A660022008C /* ViewController.swift */; };
		8905FA4A24EE3A660022008C /* Main.storyboard in Resources */ = {isa = PBXBuildFile; fileRef = 8905FA4824EE3A660022008C /* Main.storyboard */; };
		8905FA4C24EE3A670022008C /* Assets.xcassets in Resources */ = {isa = PBXBuildFile; fileRef = 8905FA4B24EE3A670022008C /* Assets.xcassets */; };
		8905FA4F24EE3A670022008C /* LaunchScreen.storyboard in Resources */ = {isa = PBXBuildFile; fileRef = 8905FA4D24EE3A670022008C /* LaunchScreen.storyboard */; };
/* End PBXBuildFile section */

/* Begin PBXFileReference section */
		8905FA3F24EE3A660022008C /* XYZ-Machine.app */ = {isa = PBXFileReference; explicitFileType = wrapper.application; includeInIndex = 0; path = "XYZ-Machine.app"; sourceTree = BUILT_PRODUCTS_DIR; };
		8905FA4224EE3A660022008C /* AppDelegate.swift */ = {isa = PBXFileReference; lastKnownFileType = sourcecode.swift; path = AppDelegate.swift; sourceTree = "<group>"; };
		8905FA4424EE3A660022008C /* SceneDelegate.swift */ = {isa = PBXFileReference; lastKnownFileType = sourcecode.swift; path = SceneDelegate.swift; sourceTree = "<group>"; };
		8905FA4624EE3A660022008C /* ViewController.swift */ = {isa = PBXFileReference; lastKnownFileType = sourcecode.swift; path = ViewController.swift; sourceTree = "<group>"; };
		8905FA4924EE3A660022008C /* Base */ = {isa = PBXFileReference; lastKnownFileType = file.storyboard; name = Base; path = Base.lproj/Main.storyboard; sourceTree = "<group>"; };
		8905FA4B24EE3A670022008C /* Assets.xcassets */ = {isa = PBXFileReference; lastKnownFileType = folder.assetcatalog; path = Assets.xcassets; sourceTree = "<group>"; };
		8905FA4E24EE3A670022008C /* Base */ = {isa = PBXFileReference; lastKnownFileType = file.storyboard; name = Base; path = Base.lproj/LaunchScreen.storyboard; sourceTree = "<group>"; };
		8905FA5024EE3A670022008C /* Info.plist */ = {isa = PBXFileReference; lastKnownFileType = text.plist.xml; path = Info.plist; sourceTree = "<group>"; };
/* End PBXFileReference section */

/* Begin PBXFrameworksBuildPhase section */
		8905FA3C24EE3A660022008C /* Frameworks */ = {
			isa = PBXFrameworksBuildPhase;
			buildActionMask = 2147483647;
			files = (
			);
			runOnlyForDeploymentPostprocessing = 0;
		};
/* End PBXFrameworksBuildPhase section */

/* Begin PBXGroup section */
		8905FA3624EE3A660022008C = {
			isa = PBXGroup;
			children = (
				8905FA4124EE3A660022008C /* XYZ-Machine */,
				8905FA4024EE3A660022008C /* Products */,
			);
			sourceTree = "<group>";
		};
		8905FA4024EE3A660022008C /* Products */ = {
			isa = PBXGroup;
			children = (
				8905FA3F24EE3A660022008C /* XYZ-Machine.app */,
			);
			name = Products;
			sourceTree = "<group>";
		};
		8905FA4124EE3A660022008C /* XYZ-Machine */ = {
			isa = PBXGroup;
			children = (
				8905FA4224EE3A660022008C /* AppDelegate.swift */,
				8905FA4424EE3A660022008C /* SceneDelegate.swift */,
				8905FA4624EE3A660022008C /* ViewController.swift */,
				8905FA4824EE3A660022008C /* Main.storyboard */,
				8905FA4B24EE3A670022008C /* Assets.xcassets */,
				8905FA4D24EE3A670022008C /* LaunchScreen.storyboard */,
				8905FA5024EE3A670022008C /* Info.plist */,
			);
			path = "XYZ-Machine";
			sourceTree = "<group>";
		};
/* End PBXGroup section */

/* Begin PBXNativeTarget section */
		8905FA3E24EE3A660022008C /* XYZ-Machine */ = {
			isa = PBXNativeTarget;
			buildConfigurationList = 8905FA5324EE3A670022008C /* Build configuration list for PBXNativeTarget "XYZ-Machine" */;
			buildPhases = (
				8905FA3B24EE3A660022008C /* Sources */,
				8905FA3C24EE3A660022008C /* Frameworks */,
				8905FA3D24EE3A660022008C /* Resources */,
			);
			buildRules = (
			);
			dependencies = (
			);
			name = "XYZ-Machine";
			productName = "XYZ-Machine";
			productReference = 8905FA3F24EE3A660022008C /* XYZ-Machine.app */;
			productType = "com.apple.product-type.application";
		};
/* End PBXNativeTarget section */

/* Begin PBXProject section */
		8905FA3724EE3A660022008C /* Project object */ = {
			isa = PBXProject;
			attributes = {
				LastSwiftUpdateCheck = 1160;
				LastUpgradeCheck = 1160;
				ORGANIZATIONNAME = "Christian Torrico";
				TargetAttributes = {
					8905FA3E24EE3A660022008C = {
						CreatedOnToolsVersion = 11.6;
					};
				};
			};
			buildConfigurationList = 8905FA3A24EE3A660022008C /* Build configuration list for PBXProject "XYZ-Machine" */;
			compatibilityVersion = "Xcode 9.3";
			developmentRegion = en;
			hasScannedForEncodings = 0;
			knownRegions = (
				en,
				Base,
			);
			mainGroup = 8905FA3624EE3A660022008C;
			productRefGroup = 8905FA4024EE3A660022008C /* Products */;
			projectDirPath = "";
			projectRoot = "";
			targets = (
				8905FA3E24EE3A660022008C /* XYZ-Machine */,
			);
		};
/* End PBXProject section */

/* Begin PBXResourcesBuildPhase section */
		8905FA3D24EE3A660022008C /* Resources */ = {
			isa = PBXResourcesBuildPhase;
			buildActionMask = 2147483647;
			files = (
				8905FA4F24EE3A670022008C /* LaunchScreen.storyboard in Resources */,
				8905FA4C24EE3A670022008C /* Assets.xcassets in Resources */,
				8905FA4A24EE3A660022008C /* Main.storyboard in Resources */,
			);
			runOnlyForDeploymentPostprocessing = 0;
		};
/* End PBXResourcesBuildPhase section */

/* Begin PBXSourcesBuildPhase section */
		8905FA3B24EE3A660022008C /* Sources */ = {
			isa = PBXSourcesBuildPhase;
			buildActionMask = 2147483647;
			files = (
				8905FA4724EE3A660022008C /* ViewController.swift in Sources */,
				8905FA4324EE3A660022008C /* AppDelegate.swift in Sources */,
				8905FA4524EE3A660022008C /* SceneDelegate.swift in Sources */,
			);
			runOnlyForDeploymentPostprocessing = 0;
		};
/* End PBXSourcesBuildPhase section */

/* Begin PBXVariantGroup section */
		8905FA4824EE3A660022008C /* Main.storyboard */ = {
			isa = PBXVariantGroup;
			children = (
				8905FA4924EE3A660022008C /* Base */,
			);
			name = Main.storyboard;
			sourceTree = "<group>";
		};
		8905FA4D24EE3A670022008C /* LaunchScreen.storyboard */ = {
			isa = PBXVariantGroup;
			children = (
				8905FA4E24EE3A670022008C /* Base */,
			);
			name = LaunchScreen.storyboard;
			sourceTree = "<group>";
		};
/* End PBXVariantGroup section */

/* Begin XCBuildConfiguration section */
		8905FA5124EE3A670022008C /* Debug */ = {
			isa = XCBuildConfiguration;
			buildSettings = {
				ALWAYS_SEARCH_USER_PATHS = NO;
				CLANG_ANALYZER_NONNULL = YES;
				CLANG_ANALYZER_NUMBER_OBJECT_CONVERSION = YES_AGGRESSIVE;
				CLANG_CXX_LANGUAGE_STANDARD = "gnu++14";
				CLANG_CXX_LIBRARY = "libc++";
				CLANG_ENABLE_MODULES = YES;
				CLANG_ENABLE_OBJC_ARC = YES;
				CLANG_ENABLE_OBJC_WEAK = YES;
				CLANG_WARN_BLOCK_CAPTURE_AUTORELEASING = YES;
				CLANG_WARN_BOOL_CONVERSION = YES;
				CLANG_WARN_COMMA = YES;
				CLANG_WARN_CONSTANT_CONVERSION = YES;
				CLANG_WARN_DEPRECATED_OBJC_IMPLEMENTATIONS = YES;
				CLANG_WARN_DIRECT_OBJC_ISA_USAGE = YES_ERROR;
				CLANG_WARN_DOCUMENTATION_COMMENTS = YES;
				CLANG_WARN_EMPTY_BODY = YES;
				CLANG_WARN_ENUM_CONVERSION = YES;
				CLANG_WARN_INFINITE_RECURSION = YES;
				CLANG_WARN_INT_CONVERSION = YES;
				CLANG_WARN_NON_LITERAL_NULL_CONVERSION = YES;
				CLANG_WARN_OBJC_IMPLICIT_RETAIN_SELF = YES;
				CLANG_WARN_OBJC_LITERAL_CONVERSION = YES;
				CLANG_WARN_OBJC_ROOT_CLASS = YES_ERROR;
				CLANG_WARN_RANGE_LOOP_ANALYSIS = YES;
				CLANG_WARN_STRICT_PROTOTYPES = YES;
				CLANG_WARN_SUSPICIOUS_MOVE = YES;
				CLANG_WARN_UNGUARDED_AVAILABILITY = YES_AGGRESSIVE;
				CLANG_WARN_UNREACHABLE_CODE = YES;
				CLANG_WARN__DUPLICATE_METHOD_MATCH = YES;
				COPY_PHASE_STRIP = NO;
				DEBUG_INFORMATION_FORMAT = dwarf;
				ENABLE_STRICT_OBJC_MSGSEND = YES;
				ENABLE_TESTABILITY = YES;
				GCC_C_LANGUAGE_STANDARD = gnu11;
				GCC_DYNAMIC_NO_PIC = NO;
				GCC_NO_COMMON_BLOCKS = YES;
				GCC_OPTIMIZATION_LEVEL = 0;
				GCC_PREPROCESSOR_DEFINITIONS = (
					"DEBUG=1",
					"$(inherited)",
				);
				GCC_WARN_64_TO_32_BIT_CONVERSION = YES;
				GCC_WARN_ABOUT_RETURN_TYPE = YES_ERROR;
				GCC_WARN_UNDECLARED_SELECTOR = YES;
				GCC_WARN_UNINITIALIZED_AUTOS = YES_AGGRESSIVE;
				GCC_WARN_UNUSED_FUNCTION = YES;
				GCC_WARN_UNUSED_VARIABLE = YES;
				IPHONEOS_DEPLOYMENT_TARGET = 13.6;
				MTL_ENABLE_DEBUG_INFO = INCLUDE_SOURCE;
				MTL_FAST_MATH = YES;
				ONLY_ACTIVE_ARCH = YES;
				SDKROOT = iphoneos;
				SWIFT_ACTIVE_COMPILATION_CONDITIONS = DEBUG;
				SWIFT_OPTIMIZATION_LEVEL = "-Onone";
			};
			name = Debug;
		};
		8905FA5224EE3A670022008C /* Release */ = {
			isa = XCBuildConfiguration;
			buildSettings = {
				ALWAYS_SEARCH_USER_PATHS = NO;
				CLANG_ANALYZER_NONNULL = YES;
				CLANG_ANALYZER_NUMBER_OBJECT_CONVERSION = YES_AGGRESSIVE;
				CLANG_CXX_LANGUAGE_STANDARD = "gnu++14";
				CLANG_CXX_LIBRARY = "libc++";
				CLANG_ENABLE_MODULES = YES;
				CLANG_ENABLE_OBJC_ARC = YES;
				CLANG_ENABLE_OBJC_WEAK = YES;
				CLANG_WARN_BLOCK_CAPTURE_AUTORELEASING = YES;
				CLANG_WARN_BOOL_CONVERSION = YES;
				CLANG_WARN_COMMA = YES;
				CLANG_WARN_CONSTANT_CONVERSION = YES;
				CLANG_WARN_DEPRECATED_OBJC_IMPLEMENTATIONS = YES;
				CLANG_WARN_DIRECT_OBJC_ISA_USAGE = YES_ERROR;
				CLANG_WARN_DOCUMENTATION_COMMENTS = YES;
				CLANG_WARN_EMPTY_BODY = YES;
				CLANG_WARN_ENUM_CONVERSION = YES;
				CLANG_WARN_INFINITE_RECURSION = YES;
				CLANG_WARN_INT_CONVERSION = YES;
				CLANG_WARN_NON_LITERAL_NULL_CONVERSION = YES;
				CLANG_WARN_OBJC_IMPLICIT_RETAIN_SELF = YES;
				CLANG_WARN_OBJC_LITERAL_CONVERSION = YES;
				CLANG_WARN_OBJC_ROOT_CLASS = YES_ERROR;
				CLANG_WARN_RANGE_LOOP_ANALYSIS = YES;
				CLANG_WARN_STRICT_PROTOTYPES = YES;
				CLANG_WARN_SUSPICIOUS_MOVE = YES;
				CLANG_WARN_UNGUARDED_AVAILABILITY = YES_AGGRESSIVE;
				CLANG_WARN_UNREACHABLE_CODE = YES;
				CLANG_WARN__DUPLICATE_METHOD_MATCH = YES;
				COPY_PHASE_STRIP = NO;
				DEBUG_INFORMATION_FORMAT = "dwarf-with-dsym";
				ENABLE_NS_ASSERTIONS = NO;
				ENABLE_STRICT_OBJC_MSGSEND = YES;
				GCC_C_LANGUAGE_STANDARD = gnu11;
				GCC_NO_COMMON_BLOCKS = YES;
				GCC_WARN_64_TO_32_BIT_CONVERSION = YES;
				GCC_WARN_ABOUT_RETURN_TYPE = YES_ERROR;
				GCC_WARN_UNDECLARED_SELECTOR = YES;
				GCC_WARN_UNINITIALIZED_AUTOS = YES_AGGRESSIVE;
				GCC_WARN_UNUSED_FUNCTION = YES;
				GCC_WARN_UNUSED_VARIABLE = YES;
				IPHONEOS_DEPLOYMENT_TARGET = 13.6;
				MTL_ENABLE_DEBUG_INFO = NO;
				MTL_FAST_MATH = YES;
				SDKROOT = iphoneos;
				SWIFT_COMPILATION_MODE = wholemodule;
				SWIFT_OPTIMIZATION_LEVEL = "-O";
				VALIDATE_PRODUCT = YES;
			};
			name = Release;
		};
		8905FA5424EE3A670022008C /* Debug */ = {
			isa = XCBuildConfiguration;
			buildSettings = {
				ASSETCATALOG_COMPILER_APPICON_NAME = AppIcon;
				CODE_SIGN_STYLE = Automatic;
				DEVELOPMENT_TEAM = 67SPS779EF;
				INFOPLIST_FILE = "XYZ-Machine/Info.plist";
				LD_RUNPATH_SEARCH_PATHS = (
					"$(inherited)",
					"@executable_path/Frameworks",
				);
				PRODUCT_BUNDLE_IDENTIFIER = "CT.XYZ-Machine";
				PRODUCT_NAME = "$(TARGET_NAME)";
				SWIFT_VERSION = 5.0;
				TARGETED_DEVICE_FAMILY = "1,2";
			};
			name = Debug;
		};
		8905FA5524EE3A670022008C /* Release */ = {
			isa = XCBuildConfiguration;
			buildSettings = {
				ASSETCATALOG_COMPILER_APPICON_NAME = AppIcon;
				CODE_SIGN_STYLE = Automatic;
				DEVELOPMENT_TEAM = 67SPS779EF;
				INFOPLIST_FILE = "XYZ-Machine/Info.plist";
				LD_RUNPATH_SEARCH_PATHS = (
					"$(inherited)",
					"@executable_path/Frameworks",
				);
				PRODUCT_BUNDLE_IDENTIFIER = "CT.XYZ-Machine";
				PRODUCT_NAME = "$(TARGET_NAME)";
				SWIFT_VERSION = 5.0;
				TARGETED_DEVICE_FAMILY = "1,2";
			};
			name = Release;
		};
/* End XCBuildConfiguration section */

/* Begin XCConfigurationList section */
		8905FA3A24EE3A660022008C /* Build configuration list for PBXProject "XYZ-Machine" */ = {
			isa = XCConfigurationList;
			buildConfigurations = (
				8905FA5124EE3A670022008C /* Debug */,
				8905FA5224EE3A670022008C /* Release */,
			);
			defaultConfigurationIsVisible = 0;
			defaultConfigurationName = Release;
		};
		8905FA5324EE3A670022008C /* Build configuration list for PBXNativeTarget "XYZ-Machine" */ = {
			isa = XCConfigurationList;
			buildConfigurations = (
				8905FA5424EE3A670022008C /* Debug */,
				8905FA5524EE3A670022008C /* Release */,
			);
			defaultConfigurationIsVisible = 0;
			defaultConfigurationName = Release;
		};
/* End XCConfigurationList section */
	};
	rootObject = 8905FA3724EE3A660022008C /* Project object */;
}
